{
  "version": 4,
  "terraform_version": "1.1.4",
  "serial": 130,
  "lineage": "a2ec2091-e03f-77de-2ce5-bb816796c0e4",
  "outputs": {},
  "resources": [
    {
      "mode": "data",
      "type": "archive_file",
      "name": "lambda1",
      "provider": "provider[\"registry.terraform.io/hashicorp/archive\"]",
      "instances": [
        {
          "schema_version": 0,
          "attributes": {
            "excludes": null,
            "id": "1c0e34f48f6aa8ded224bb615754a22a9ae3b79d",
            "output_base64sha256": "vsow1SkOFngMtpad2JL18zu1dgmk4FWg6CSZHYuusbI=",
            "output_file_mode": null,
            "output_md5": "b47f91d6ce80712293ffc2527805327b",
            "output_path": "./python/lambda1.zip",
            "output_sha": "1c0e34f48f6aa8ded224bb615754a22a9ae3b79d",
            "output_size": 1205,
            "source": [],
            "source_content": null,
            "source_content_filename": null,
            "source_dir": "./python/",
            "source_file": null,
            "type": "zip"
          },
          "sensitive_attributes": []
        }
      ]
    },
    {
      "mode": "data",
      "type": "aws_caller_identity",
      "name": "current",
      "provider": "provider[\"registry.terraform.io/hashicorp/aws\"]",
      "instances": [
        {
          "schema_version": 0,
          "attributes": {
            "account_id": "770770224581",
            "arn": "arn:aws:iam::770770224581:user/tk",
            "id": "770770224581",
            "user_id": "AIDA3G5L4IXCYGOEO3NLC"
          },
          "sensitive_attributes": []
        }
      ]
    },
    {
      "mode": "managed",
      "type": "aws_cloudtrail",
      "name": "new",
      "provider": "provider[\"registry.terraform.io/hashicorp/aws\"]",
      "instances": [
        {
          "schema_version": 0,
          "attributes": {
            "advanced_event_selector": [],
            "arn": "arn:aws:cloudtrail:ap-south-1:770770224581:trail/new-tf-trail",
            "cloud_watch_logs_group_arn": "",
            "cloud_watch_logs_role_arn": "",
            "enable_log_file_validation": false,
            "enable_logging": true,
            "event_selector": [
              {
                "data_resource": [
                  {
                    "type": "AWS::Lambda::Function",
                    "values": [
                      "arn:aws:lambda"
                    ]
                  }
                ],
                "exclude_management_event_sources": null,
                "include_management_events": true,
                "read_write_type": "All"
              }
            ],
            "home_region": "ap-south-1",
            "id": "new-tf-trail",
            "include_global_service_events": false,
            "insight_selector": [],
            "is_multi_region_trail": false,
            "is_organization_trail": false,
            "kms_key_id": "",
            "name": "new-tf-trail",
            "s3_bucket_name": "terraform-s3-bucket12321",
            "s3_key_prefix": "cloudtrailkey",
            "sns_topic_name": "",
            "tags": null,
            "tags_all": {}
          },
          "sensitive_attributes": [],
          "private": "bnVsbA==",
          "dependencies": [
            "aws_s3_bucket.b"
          ]
        }
      ]
    },
    {
      "mode": "managed",
      "type": "aws_cloudwatch_event_rule",
      "name": "ec2-rule",
      "provider": "provider[\"registry.terraform.io/hashicorp/aws\"]",
      "instances": [
        {
          "schema_version": 0,
          "attributes": {
            "arn": "arn:aws:events:ap-south-1:770770224581:rule/ec2-rule",
            "description": "RunInstances-auto-tag",
            "event_bus_name": "default",
            "event_pattern": "{\"detail\":{\"eventName\":[\"RunInstances\"],\"eventSource\":[\"ec2.amazonaws.com\"]},\"detail-type\":[\"AWS API Call via CloudTrail\"],\"source\":[\"aws.ec2\"]}",
            "id": "ec2-rule",
            "is_enabled": true,
            "name": "ec2-rule",
            "name_prefix": "",
            "role_arn": "",
            "schedule_expression": "",
            "tags": {},
            "tags_all": {}
          },
          "sensitive_attributes": [],
          "private": "bnVsbA=="
        }
      ]
    },
    {
      "mode": "managed",
      "type": "aws_cloudwatch_event_target",
      "name": "lambda-fun",
      "provider": "provider[\"registry.terraform.io/hashicorp/aws\"]",
      "instances": [
        {
          "schema_version": 1,
          "attributes": {
            "arn": "arn:aws:lambda:ap-south-1:770770224581:function:lambda1",
            "batch_target": [],
            "dead_letter_config": [],
            "ecs_target": [],
            "event_bus_name": "default",
            "http_target": [],
            "id": "ec2-rule-lambda",
            "input": "",
            "input_path": "",
            "input_transformer": [],
            "kinesis_target": [],
            "redshift_target": [],
            "retry_policy": [],
            "role_arn": "",
            "rule": "ec2-rule",
            "run_command_targets": [],
            "sqs_target": [],
            "target_id": "lambda"
          },
          "sensitive_attributes": [],
          "private": "eyJzY2hlbWFfdmVyc2lvbiI6IjEifQ==",
          "dependencies": [
            "aws_cloudwatch_event_rule.ec2-rule",
            "aws_iam_role.autotag123_ec2_role",
            "aws_lambda_function.test_lambda"
          ]
        }
      ]
    },
    {
      "mode": "managed",
      "type": "aws_iam_instance_profile",
      "name": "ec2_profile",
      "provider": "provider[\"registry.terraform.io/hashicorp/aws\"]",
      "instances": [
        {
          "schema_version": 0,
          "attributes": {
            "arn": "arn:aws:iam::770770224581:instance-profile/autotag123_ec2_profile",
            "create_date": "2022-11-28T18:09:29Z",
            "id": "autotag123_ec2_profile",
            "name": "autotag123_ec2_profile",
            "name_prefix": null,
            "path": "/",
            "role": "autotag123_ec2_role",
            "tags": {},
            "tags_all": {},
            "unique_id": "AIPA3G5L4IXC5HM3K77NL"
          },
          "sensitive_attributes": [],
          "private": "bnVsbA==",
          "dependencies": [
            "aws_iam_role.autotag123_ec2_role"
          ]
        }
      ]
    },
    {
      "mode": "managed",
      "type": "aws_iam_role",
      "name": "autotag123_ec2_role",
      "provider": "provider[\"registry.terraform.io/hashicorp/aws\"]",
      "instances": [
        {
          "schema_version": 0,
          "attributes": {
            "arn": "arn:aws:iam::770770224581:role/autotag123_ec2_role",
            "assume_role_policy": "{\"Statement\":[{\"Action\":\"sts:AssumeRole\",\"Effect\":\"Allow\",\"Principal\":{\"Service\":\"lambda.amazonaws.com\"},\"Sid\":\"\"}],\"Version\":\"2012-10-17\"}",
            "create_date": "2022-11-29T05:21:42Z",
            "description": "",
            "force_detach_policies": false,
            "id": "autotag123_ec2_role",
            "inline_policy": [
              {
                "name": "lambda_policy",
                "policy": "{\r\n  \"Version\" : \"2012-10-17\",\r\n  \"Statement\" : [\r\n    {\r\n      \"Action\" : [\r\n        \"ec2:CreateTags\",\r\n        \"s3:GetObject\",\r\n        \"CloudWatch:*\",\r\n        \"logs:*\"\r\n      ],\r\n      \"Effect\"   : \"Allow\",\r\n      \"Resource\" : \"*\"\r\n    }\r\n  ]\r\n}"
              }
            ],
            "managed_policy_arns": [],
            "max_session_duration": 3600,
            "name": "autotag123_ec2_role",
            "name_prefix": "",
            "path": "/",
            "permissions_boundary": null,
            "tags": {},
            "tags_all": {},
            "unique_id": "AROA3G5L4IXC6TRGG27HX"
          },
          "sensitive_attributes": [],
          "private": "bnVsbA=="
        }
      ]
    },
    {
      "mode": "managed",
      "type": "aws_iam_role_policy",
      "name": "lambda_policy",
      "provider": "provider[\"registry.terraform.io/hashicorp/aws\"]",
      "instances": [
        {
          "schema_version": 0,
          "attributes": {
            "id": "autotag123_ec2_role:lambda_policy",
            "name": "lambda_policy",
            "name_prefix": null,
            "policy": "{\r\n  \"Version\" : \"2012-10-17\",\r\n  \"Statement\" : [\r\n    {\r\n      \"Action\" : [\r\n        \"ec2:CreateTags\",\r\n        \"s3:GetObject\",\r\n        \"CloudWatch:*\",\r\n        \"logs:*\"\r\n      ],\r\n      \"Effect\"   : \"Allow\",\r\n      \"Resource\" : \"*\"\r\n    }\r\n  ]\r\n}",
            "role": "autotag123_ec2_role"
          },
          "sensitive_attributes": [],
          "private": "bnVsbA==",
          "dependencies": [
            "aws_iam_role.autotag123_ec2_role"
          ]
        }
      ]
    },
    {
      "mode": "managed",
      "type": "aws_lambda_function",
      "name": "test_lambda",
      "provider": "provider[\"registry.terraform.io/hashicorp/aws\"]",
      "instances": [
        {
          "schema_version": 0,
          "attributes": {
            "architectures": [
              "x86_64"
            ],
            "arn": "arn:aws:lambda:ap-south-1:770770224581:function:lambda1",
            "code_signing_config_arn": "",
            "dead_letter_config": [],
            "description": "",
            "environment": [],
            "ephemeral_storage": [
              {
                "size": 512
              }
            ],
            "file_system_config": [],
            "filename": "./python/lambda1.zip",
            "function_name": "lambda1",
            "handler": "lambda1.lambda_handler",
            "id": "lambda1",
            "image_config": [],
            "image_uri": "",
            "invoke_arn": "arn:aws:apigateway:ap-south-1:lambda:path/2015-03-31/functions/arn:aws:lambda:ap-south-1:770770224581:function:lambda1/invocations",
            "kms_key_arn": "",
            "last_modified": "2022-12-01T07:51:55.000+0000",
            "layers": [],
            "memory_size": 128,
            "package_type": "Zip",
            "publish": false,
            "qualified_arn": "arn:aws:lambda:ap-south-1:770770224581:function:lambda1:$LATEST",
            "qualified_invoke_arn": "arn:aws:apigateway:ap-south-1:lambda:path/2015-03-31/functions/arn:aws:lambda:ap-south-1:770770224581:function:lambda1:$LATEST/invocations",
            "reserved_concurrent_executions": -1,
            "role": "arn:aws:iam::770770224581:role/autotag123_ec2_role",
            "runtime": "python3.9",
            "s3_bucket": null,
            "s3_key": null,
            "s3_object_version": null,
            "signing_job_arn": "",
            "signing_profile_version_arn": "",
            "source_code_hash": "vsow1SkOFngMtpad2JL18zu1dgmk4FWg6CSZHYuusbI=",
            "source_code_size": 1205,
            "tags": {},
            "tags_all": {},
            "timeout": 3,
            "timeouts": null,
            "tracing_config": [
              {
                "mode": "PassThrough"
              }
            ],
            "version": "$LATEST",
            "vpc_config": []
          },
          "sensitive_attributes": [],
          "private": "eyJlMmJmYjczMC1lY2FhLTExZTYtOGY4OC0zNDM2M2JjN2M0YzAiOnsiY3JlYXRlIjo2MDAwMDAwMDAwMDB9fQ==",
          "dependencies": [
            "aws_iam_role.autotag123_ec2_role"
          ]
        }
      ]
    },
    {
      "mode": "managed",
      "type": "aws_lambda_permission",
      "name": "allow_cloudwatch",
      "provider": "provider[\"registry.terraform.io/hashicorp/aws\"]",
      "instances": [
        {
          "schema_version": 0,
          "attributes": {
            "action": "lambda:InvokeFunction",
            "event_source_token": null,
            "function_name": "lambda1",
            "function_url_auth_type": null,
            "id": "AllowExecutionFromCloudWatch",
            "principal": "events.amazonaws.com",
            "principal_org_id": null,
            "qualifier": "",
            "source_account": null,
            "source_arn": "arn:aws:events:ap-south-1:770770224581:rule/ec2-rule",
            "statement_id": "AllowExecutionFromCloudWatch",
            "statement_id_prefix": ""
          },
          "sensitive_attributes": [],
          "private": "bnVsbA==",
          "dependencies": [
            "aws_cloudwatch_event_rule.ec2-rule",
            "aws_iam_role.autotag123_ec2_role",
            "aws_lambda_function.test_lambda"
          ]
        }
      ]
    },
    {
      "mode": "managed",
      "type": "aws_s3_bucket",
      "name": "b",
      "provider": "provider[\"registry.terraform.io/hashicorp/aws\"]",
      "instances": [
        {
          "schema_version": 0,
          "attributes": {
            "acceleration_status": "",
            "acl": "private",
            "arn": "arn:aws:s3:::terraform-s3-bucket12321",
            "bucket": "terraform-s3-bucket12321",
            "bucket_domain_name": "terraform-s3-bucket12321.s3.amazonaws.com",
            "bucket_prefix": null,
            "bucket_regional_domain_name": "terraform-s3-bucket12321.s3.ap-south-1.amazonaws.com",
            "cors_rule": [],
            "force_destroy": false,
            "grant": [
              {
                "id": "d20994b326999b5a8a5e1cbb095cca0421bccd1e35b89a8108695da928735e5b",
                "permissions": [
                  "FULL_CONTROL"
                ],
                "type": "CanonicalUser",
                "uri": ""
              }
            ],
            "hosted_zone_id": "Z11RGJOFQNVJUP",
            "id": "terraform-s3-bucket12321",
            "lifecycle_rule": [],
            "logging": [],
            "object_lock_configuration": [],
            "object_lock_enabled": false,
            "policy": "{\"Version\":\"2012-10-17\",\"Statement\":[{\"Sid\":\"AWSCloudTrailAclCheck20150319\",\"Effect\":\"Allow\",\"Principal\":{\"Service\":\"cloudtrail.amazonaws.com\"},\"Action\":\"s3:GetBucketAcl\",\"Resource\":\"arn:aws:s3:::terraform-s3-bucket12321\"},{\"Sid\":\"AWSCloudTrailWrite20150319\",\"Effect\":\"Allow\",\"Principal\":{\"Service\":\"cloudtrail.amazonaws.com\"},\"Action\":\"s3:PutObject\",\"Resource\":\"arn:aws:s3:::terraform-s3-bucket12321/*\",\"Condition\":{\"StringEquals\":{\"s3:x-amz-acl\":\"bucket-owner-full-control\"}}}]}",
            "region": "ap-south-1",
            "replication_configuration": [],
            "request_payer": "BucketOwner",
            "server_side_encryption_configuration": [],
            "tags": {
              "Environment": "Dev",
              "Name": "terraform-s3-bucket12321"
            },
            "tags_all": {
              "Environment": "Dev",
              "Name": "terraform-s3-bucket12321"
            },
            "timeouts": null,
            "versioning": [
              {
                "enabled": true,
                "mfa_delete": false
              }
            ],
            "website": [],
            "website_domain": null,
            "website_endpoint": null
          },
          "sensitive_attributes": [],
          "private": "eyJlMmJmYjczMC1lY2FhLTExZTYtOGY4OC0zNDM2M2JjN2M0YzAiOnsiY3JlYXRlIjoxMjAwMDAwMDAwMDAwLCJkZWxldGUiOjM2MDAwMDAwMDAwMDAsInJlYWQiOjEyMDAwMDAwMDAwMDAsInVwZGF0ZSI6MTIwMDAwMDAwMDAwMH19"
        }
      ]
    },
    {
      "mode": "managed",
      "type": "aws_s3_bucket_object",
      "name": "bucket",
      "provider": "provider[\"registry.terraform.io/hashicorp/aws\"]",
      "instances": [
        {
          "schema_version": 0,
          "attributes": {
            "acl": "private",
            "bucket": "terraform-s3-bucket12321",
            "bucket_key_enabled": false,
            "cache_control": "",
            "content": null,
            "content_base64": null,
            "content_disposition": "",
            "content_encoding": "",
            "content_language": "",
            "content_type": "binary/octet-stream",
            "etag": "d41d8cd98f00b204e9800998ecf8427e",
            "force_destroy": false,
            "id": "auto-tag.json",
            "key": "auto-tag.json",
            "kms_key_id": null,
            "metadata": {},
            "object_lock_legal_hold_status": "",
            "object_lock_mode": "",
            "object_lock_retain_until_date": "",
            "server_side_encryption": "",
            "source": null,
            "source_hash": null,
            "storage_class": "STANDARD",
            "tags": {},
            "tags_all": {},
            "version_id": "null",
            "website_redirect": ""
          },
          "sensitive_attributes": [],
          "private": "bnVsbA=="
        }
      ]
    },
    {
      "mode": "managed",
      "type": "aws_s3_bucket_policy",
      "name": "foo",
      "provider": "provider[\"registry.terraform.io/hashicorp/aws\"]",
      "instances": [
        {
          "schema_version": 0,
          "attributes": {
            "bucket": "terraform-s3-bucket12321",
            "id": "terraform-s3-bucket12321",
            "policy": "{\r\n    \"Version\": \"2012-10-17\",\r\n    \"Statement\": [\r\n        {\r\n            \"Sid\": \"AWSCloudTrailAclCheck\",\r\n            \"Effect\": \"Allow\",\r\n            \"Principal\": {\r\n              \"Service\": \"cloudtrail.amazonaws.com\"\r\n            },\r\n            \"Action\": \"s3:GetBucketAcl\",\r\n            \"Resource\": \"arn:aws:s3:::terraform-s3-bucket12321\"\r\n        },\r\n        {\r\n            \"Sid\": \"AWSCloudTrailWrite\",\r\n            \"Effect\": \"Allow\",\r\n            \"Principal\": {\r\n              \"Service\": \"cloudtrail.amazonaws.com\"\r\n            },\r\n            \"Action\": \"s3:PutObject\",\r\n            \"Resource\": \"arn:aws:s3:::terraform-s3-bucket12321/prefix/AWSLogs/*\",\r\n            \"Condition\": {\r\n                \"StringEquals\": {\r\n                    \"s3:x-amz-acl\": \"bucket-owner-full-control\"\r\n                }\r\n            }\r\n        }\r\n    ]\r\n}\r\n"
          },
          "sensitive_attributes": [],
          "private": "bnVsbA==",
          "dependencies": [
            "aws_s3_bucket.b"
          ]
        }
      ]
    }
  ]
}
